
Microsoft Visual Studio Solution File, Format Version 12.00
# Visual Studio 15
VisualStudioVersion = 15.0.27130.2010
MinimumVisualStudioVersion = 10.0.40219.1
Project("{FAE04EC0-301F-11D3-BF4B-00C04F79EFBC}") = "RC.Interfaces", "RC.Interfaces\RC.Interfaces.csproj", "{F89DD292-BD82-47A8-81D1-E909BD5C9D3B}"
EndProject
Project("{FAE04EC0-301F-11D3-BF4B-00C04F79EFBC}") = "RC.Implementation", "RC.Implementation\RC.Implementation.csproj", "{3BBC8EAD-DE61-41D0-8AB2-8CECCD5DD10B}"
EndProject
Project("{2150E333-8FDC-42A3-9474-1A3956D46DE8}") = "tests", "tests", "{C40D986B-B20C-411E-A9B4-99A11A6B9C58}"
EndProject
Project("{FAE04EC0-301F-11D3-BF4B-00C04F79EFBC}") = "ImplementationTests", "tests\ImplementationTests\ImplementationTests.csproj", "{25E3B756-1830-4710-839E-31C0ABCBD960}"
EndProject
Project("{FAE04EC0-301F-11D3-BF4B-00C04F79EFBC}") = "InfrastructureTests", "tests\InfrastructureTests\InfrastructureTests.csproj", "{8EDF4429-251A-416D-BB68-93F227191BCF}"
EndProject
Project("{FAE04EC0-301F-11D3-BF4B-00C04F79EFBC}") = "RC.Infrastructure", "RC.Infrastructure\RC.Infrastructure.csproj", "{40C3EB58-07EB-4A44-8913-1C536FB4CDEB}"
EndProject
Project("{FAE04EC0-301F-11D3-BF4B-00C04F79EFBC}") = "RC.JsonServices", "RC.JsonServices\RC.JsonServices.csproj", "{E6EE7E84-52D3-4199-8D24-831667AF56A2}"
EndProject
Project("{FAE04EC0-301F-11D3-BF4B-00C04F79EFBC}") = "RC.RabbitMQServices", "RC.RabbitMQServices\RC.RabbitMQServices.csproj", "{E91823B3-D38A-40B2-ABFF-0134F965EC49}"
EndProject
Project("{FAE04EC0-301F-11D3-BF4B-00C04F79EFBC}") = "RC.DapperServices", "RC.DapperServices\RC.DapperServices.csproj", "{AE1A2B3C-089F-4CD4-9ACC-C97338905F5D}"
EndProject
Project("{FAE04EC0-301F-11D3-BF4B-00C04F79EFBC}") = "RC.DBMigrations", "RC.DBMigrations\RC.DBMigrations.csproj", "{3820A9D2-37C8-4E91-B70F-3FF328583007}"
EndProject
Project("{FAE04EC0-301F-11D3-BF4B-00C04F79EFBC}") = "DapperServicesTests", "tests\DapperServicesTests\DapperServicesTests.csproj", "{EAEFF135-E156-4065-83E0-5B34706CDECC}"
EndProject
Project("{FAE04EC0-301F-11D3-BF4B-00C04F79EFBC}") = "RC.SQLiteServices", "RC.SQLiteServices\RC.SQLiteServices.csproj", "{9256F121-189D-4E66-9A7A-D4EE58984CDC}"
EndProject
Project("{FAE04EC0-301F-11D3-BF4B-00C04F79EFBC}") = "SQLiteServicesTests", "tests\SQLiteServicesTests\SQLiteServicesTests.csproj", "{CA529651-2F06-451E-B127-AFA85FA8DBCE}"
EndProject
Project("{FAE04EC0-301F-11D3-BF4B-00C04F79EFBC}") = "IntegrationTests", "tests\IntegrationTests\IntegrationTests.csproj", "{9E177F6E-025A-4AA3-94EE-367D3B79C150}"
EndProject
Project("{FAE04EC0-301F-11D3-BF4B-00C04F79EFBC}") = "RC.Domain", "RC.Domain\RC.Domain.csproj", "{05EE8DA6-9F2D-4AD5-98D1-799ED470043F}"
EndProject
Project("{FAE04EC0-301F-11D3-BF4B-00C04F79EFBC}") = "JsonServicesTests", "tests\JsonServicesTests\JsonServicesTests.csproj", "{F6DD16BF-F211-4D9C-B692-5C599CC03CD6}"
EndProject
Project("{FAE04EC0-301F-11D3-BF4B-00C04F79EFBC}") = "ClientTests", "tests\ClientTests\ClientTests.csproj", "{90515C22-00E9-4831-89CB-0039A04C140D}"
EndProject
Project("{2150E333-8FDC-42A3-9474-1A3956D46DE8}") = "Client", "Client", "{980507E9-E801-4DB0-AA2F-11FCF20EE7C8}"
EndProject
Project("{FAE04EC0-301F-11D3-BF4B-00C04F79EFBC}") = "RC.Client", "Client\RC.Client\RC.Client.csproj", "{CD66020C-2AE0-4623-A946-9BEDE472C9BF}"
EndProject
Project("{FAE04EC0-301F-11D3-BF4B-00C04F79EFBC}") = "RC.Client.Interfaces", "Client\RC.Client.Interfaces\RC.Client.Interfaces.csproj", "{F7D117D1-4B15-41A9-9B51-49EEC6CBA098}"
EndProject
Project("{FAE04EC0-301F-11D3-BF4B-00C04F79EFBC}") = "RC.Client.Domain", "Client\RC.Client.Domain\RC.Client.Domain.csproj", "{D9CC433C-4C01-4C79-805D-84F7EBBE2CEA}"
EndProject
Global
	GlobalSection(SolutionConfigurationPlatforms) = preSolution
		Debug|Any CPU = Debug|Any CPU
		Debug|x64 = Debug|x64
		Release|Any CPU = Release|Any CPU
		Release|x64 = Release|x64
	EndGlobalSection
	GlobalSection(ProjectConfigurationPlatforms) = postSolution
		{F89DD292-BD82-47A8-81D1-E909BD5C9D3B}.Debug|Any CPU.ActiveCfg = Debug|Any CPU
		{F89DD292-BD82-47A8-81D1-E909BD5C9D3B}.Debug|Any CPU.Build.0 = Debug|Any CPU
		{F89DD292-BD82-47A8-81D1-E909BD5C9D3B}.Debug|x64.ActiveCfg = Debug|x64
		{F89DD292-BD82-47A8-81D1-E909BD5C9D3B}.Debug|x64.Build.0 = Debug|x64
		{F89DD292-BD82-47A8-81D1-E909BD5C9D3B}.Release|Any CPU.ActiveCfg = Release|Any CPU
		{F89DD292-BD82-47A8-81D1-E909BD5C9D3B}.Release|Any CPU.Build.0 = Release|Any CPU
		{F89DD292-BD82-47A8-81D1-E909BD5C9D3B}.Release|x64.ActiveCfg = Release|x64
		{F89DD292-BD82-47A8-81D1-E909BD5C9D3B}.Release|x64.Build.0 = Release|x64
		{3BBC8EAD-DE61-41D0-8AB2-8CECCD5DD10B}.Debug|Any CPU.ActiveCfg = Debug|Any CPU
		{3BBC8EAD-DE61-41D0-8AB2-8CECCD5DD10B}.Debug|Any CPU.Build.0 = Debug|Any CPU
		{3BBC8EAD-DE61-41D0-8AB2-8CECCD5DD10B}.Debug|x64.ActiveCfg = Debug|x64
		{3BBC8EAD-DE61-41D0-8AB2-8CECCD5DD10B}.Debug|x64.Build.0 = Debug|x64
		{3BBC8EAD-DE61-41D0-8AB2-8CECCD5DD10B}.Release|Any CPU.ActiveCfg = Release|Any CPU
		{3BBC8EAD-DE61-41D0-8AB2-8CECCD5DD10B}.Release|Any CPU.Build.0 = Release|Any CPU
		{3BBC8EAD-DE61-41D0-8AB2-8CECCD5DD10B}.Release|x64.ActiveCfg = Release|x64
		{3BBC8EAD-DE61-41D0-8AB2-8CECCD5DD10B}.Release|x64.Build.0 = Release|x64
		{25E3B756-1830-4710-839E-31C0ABCBD960}.Debug|Any CPU.ActiveCfg = Debug|Any CPU
		{25E3B756-1830-4710-839E-31C0ABCBD960}.Debug|Any CPU.Build.0 = Debug|Any CPU
		{25E3B756-1830-4710-839E-31C0ABCBD960}.Debug|x64.ActiveCfg = Debug|x64
		{25E3B756-1830-4710-839E-31C0ABCBD960}.Debug|x64.Build.0 = Debug|x64
		{25E3B756-1830-4710-839E-31C0ABCBD960}.Release|Any CPU.ActiveCfg = Release|Any CPU
		{25E3B756-1830-4710-839E-31C0ABCBD960}.Release|Any CPU.Build.0 = Release|Any CPU
		{25E3B756-1830-4710-839E-31C0ABCBD960}.Release|x64.ActiveCfg = Release|x64
		{25E3B756-1830-4710-839E-31C0ABCBD960}.Release|x64.Build.0 = Release|x64
		{8EDF4429-251A-416D-BB68-93F227191BCF}.Debug|Any CPU.ActiveCfg = Debug|Any CPU
		{8EDF4429-251A-416D-BB68-93F227191BCF}.Debug|Any CPU.Build.0 = Debug|Any CPU
		{8EDF4429-251A-416D-BB68-93F227191BCF}.Debug|x64.ActiveCfg = Debug|x64
		{8EDF4429-251A-416D-BB68-93F227191BCF}.Debug|x64.Build.0 = Debug|x64
		{8EDF4429-251A-416D-BB68-93F227191BCF}.Release|Any CPU.ActiveCfg = Release|Any CPU
		{8EDF4429-251A-416D-BB68-93F227191BCF}.Release|Any CPU.Build.0 = Release|Any CPU
		{8EDF4429-251A-416D-BB68-93F227191BCF}.Release|x64.ActiveCfg = Release|x64
		{8EDF4429-251A-416D-BB68-93F227191BCF}.Release|x64.Build.0 = Release|x64
		{40C3EB58-07EB-4A44-8913-1C536FB4CDEB}.Debug|Any CPU.ActiveCfg = Debug|Any CPU
		{40C3EB58-07EB-4A44-8913-1C536FB4CDEB}.Debug|Any CPU.Build.0 = Debug|Any CPU
		{40C3EB58-07EB-4A44-8913-1C536FB4CDEB}.Debug|x64.ActiveCfg = Debug|x64
		{40C3EB58-07EB-4A44-8913-1C536FB4CDEB}.Debug|x64.Build.0 = Debug|x64
		{40C3EB58-07EB-4A44-8913-1C536FB4CDEB}.Release|Any CPU.ActiveCfg = Release|Any CPU
		{40C3EB58-07EB-4A44-8913-1C536FB4CDEB}.Release|Any CPU.Build.0 = Release|Any CPU
		{40C3EB58-07EB-4A44-8913-1C536FB4CDEB}.Release|x64.ActiveCfg = Release|x64
		{40C3EB58-07EB-4A44-8913-1C536FB4CDEB}.Release|x64.Build.0 = Release|x64
		{E6EE7E84-52D3-4199-8D24-831667AF56A2}.Debug|Any CPU.ActiveCfg = Debug|Any CPU
		{E6EE7E84-52D3-4199-8D24-831667AF56A2}.Debug|Any CPU.Build.0 = Debug|Any CPU
		{E6EE7E84-52D3-4199-8D24-831667AF56A2}.Debug|x64.ActiveCfg = Debug|x64
		{E6EE7E84-52D3-4199-8D24-831667AF56A2}.Debug|x64.Build.0 = Debug|x64
		{E6EE7E84-52D3-4199-8D24-831667AF56A2}.Release|Any CPU.ActiveCfg = Release|Any CPU
		{E6EE7E84-52D3-4199-8D24-831667AF56A2}.Release|Any CPU.Build.0 = Release|Any CPU
		{E6EE7E84-52D3-4199-8D24-831667AF56A2}.Release|x64.ActiveCfg = Release|Any CPU
		{E6EE7E84-52D3-4199-8D24-831667AF56A2}.Release|x64.Build.0 = Release|Any CPU
		{E91823B3-D38A-40B2-ABFF-0134F965EC49}.Debug|Any CPU.ActiveCfg = Debug|Any CPU
		{E91823B3-D38A-40B2-ABFF-0134F965EC49}.Debug|Any CPU.Build.0 = Debug|Any CPU
		{E91823B3-D38A-40B2-ABFF-0134F965EC49}.Debug|x64.ActiveCfg = Debug|x64
		{E91823B3-D38A-40B2-ABFF-0134F965EC49}.Debug|x64.Build.0 = Debug|x64
		{E91823B3-D38A-40B2-ABFF-0134F965EC49}.Release|Any CPU.ActiveCfg = Release|Any CPU
		{E91823B3-D38A-40B2-ABFF-0134F965EC49}.Release|Any CPU.Build.0 = Release|Any CPU
		{E91823B3-D38A-40B2-ABFF-0134F965EC49}.Release|x64.ActiveCfg = Release|Any CPU
		{E91823B3-D38A-40B2-ABFF-0134F965EC49}.Release|x64.Build.0 = Release|Any CPU
		{AE1A2B3C-089F-4CD4-9ACC-C97338905F5D}.Debug|Any CPU.ActiveCfg = Debug|Any CPU
		{AE1A2B3C-089F-4CD4-9ACC-C97338905F5D}.Debug|Any CPU.Build.0 = Debug|Any CPU
		{AE1A2B3C-089F-4CD4-9ACC-C97338905F5D}.Debug|x64.ActiveCfg = Debug|x64
		{AE1A2B3C-089F-4CD4-9ACC-C97338905F5D}.Debug|x64.Build.0 = Debug|x64
		{AE1A2B3C-089F-4CD4-9ACC-C97338905F5D}.Release|Any CPU.ActiveCfg = Release|Any CPU
		{AE1A2B3C-089F-4CD4-9ACC-C97338905F5D}.Release|Any CPU.Build.0 = Release|Any CPU
		{AE1A2B3C-089F-4CD4-9ACC-C97338905F5D}.Release|x64.ActiveCfg = Release|Any CPU
		{AE1A2B3C-089F-4CD4-9ACC-C97338905F5D}.Release|x64.Build.0 = Release|Any CPU
		{3820A9D2-37C8-4E91-B70F-3FF328583007}.Debug|Any CPU.ActiveCfg = Debug|Any CPU
		{3820A9D2-37C8-4E91-B70F-3FF328583007}.Debug|Any CPU.Build.0 = Debug|Any CPU
		{3820A9D2-37C8-4E91-B70F-3FF328583007}.Debug|x64.ActiveCfg = Debug|x64
		{3820A9D2-37C8-4E91-B70F-3FF328583007}.Debug|x64.Build.0 = Debug|x64
		{3820A9D2-37C8-4E91-B70F-3FF328583007}.Release|Any CPU.ActiveCfg = Release|Any CPU
		{3820A9D2-37C8-4E91-B70F-3FF328583007}.Release|Any CPU.Build.0 = Release|Any CPU
		{3820A9D2-37C8-4E91-B70F-3FF328583007}.Release|x64.ActiveCfg = Release|Any CPU
		{3820A9D2-37C8-4E91-B70F-3FF328583007}.Release|x64.Build.0 = Release|Any CPU
		{EAEFF135-E156-4065-83E0-5B34706CDECC}.Debug|Any CPU.ActiveCfg = Debug|Any CPU
		{EAEFF135-E156-4065-83E0-5B34706CDECC}.Debug|Any CPU.Build.0 = Debug|Any CPU
		{EAEFF135-E156-4065-83E0-5B34706CDECC}.Debug|x64.ActiveCfg = Debug|x64
		{EAEFF135-E156-4065-83E0-5B34706CDECC}.Debug|x64.Build.0 = Debug|x64
		{EAEFF135-E156-4065-83E0-5B34706CDECC}.Release|Any CPU.ActiveCfg = Release|Any CPU
		{EAEFF135-E156-4065-83E0-5B34706CDECC}.Release|Any CPU.Build.0 = Release|Any CPU
		{EAEFF135-E156-4065-83E0-5B34706CDECC}.Release|x64.ActiveCfg = Release|Any CPU
		{EAEFF135-E156-4065-83E0-5B34706CDECC}.Release|x64.Build.0 = Release|Any CPU
		{9256F121-189D-4E66-9A7A-D4EE58984CDC}.Debug|Any CPU.ActiveCfg = Debug|Any CPU
		{9256F121-189D-4E66-9A7A-D4EE58984CDC}.Debug|Any CPU.Build.0 = Debug|Any CPU
		{9256F121-189D-4E66-9A7A-D4EE58984CDC}.Debug|x64.ActiveCfg = Debug|x64
		{9256F121-189D-4E66-9A7A-D4EE58984CDC}.Debug|x64.Build.0 = Debug|x64
		{9256F121-189D-4E66-9A7A-D4EE58984CDC}.Release|Any CPU.ActiveCfg = Release|Any CPU
		{9256F121-189D-4E66-9A7A-D4EE58984CDC}.Release|Any CPU.Build.0 = Release|Any CPU
		{9256F121-189D-4E66-9A7A-D4EE58984CDC}.Release|x64.ActiveCfg = Release|Any CPU
		{9256F121-189D-4E66-9A7A-D4EE58984CDC}.Release|x64.Build.0 = Release|Any CPU
		{CA529651-2F06-451E-B127-AFA85FA8DBCE}.Debug|Any CPU.ActiveCfg = Debug|Any CPU
		{CA529651-2F06-451E-B127-AFA85FA8DBCE}.Debug|Any CPU.Build.0 = Debug|Any CPU
		{CA529651-2F06-451E-B127-AFA85FA8DBCE}.Debug|x64.ActiveCfg = Debug|Any CPU
		{CA529651-2F06-451E-B127-AFA85FA8DBCE}.Debug|x64.Build.0 = Debug|Any CPU
		{CA529651-2F06-451E-B127-AFA85FA8DBCE}.Release|Any CPU.ActiveCfg = Release|Any CPU
		{CA529651-2F06-451E-B127-AFA85FA8DBCE}.Release|Any CPU.Build.0 = Release|Any CPU
		{CA529651-2F06-451E-B127-AFA85FA8DBCE}.Release|x64.ActiveCfg = Release|Any CPU
		{CA529651-2F06-451E-B127-AFA85FA8DBCE}.Release|x64.Build.0 = Release|Any CPU
		{9E177F6E-025A-4AA3-94EE-367D3B79C150}.Debug|Any CPU.ActiveCfg = Debug|Any CPU
		{9E177F6E-025A-4AA3-94EE-367D3B79C150}.Debug|Any CPU.Build.0 = Debug|Any CPU
		{9E177F6E-025A-4AA3-94EE-367D3B79C150}.Debug|x64.ActiveCfg = Debug|Any CPU
		{9E177F6E-025A-4AA3-94EE-367D3B79C150}.Debug|x64.Build.0 = Debug|Any CPU
		{9E177F6E-025A-4AA3-94EE-367D3B79C150}.Release|Any CPU.ActiveCfg = Release|Any CPU
		{9E177F6E-025A-4AA3-94EE-367D3B79C150}.Release|Any CPU.Build.0 = Release|Any CPU
		{9E177F6E-025A-4AA3-94EE-367D3B79C150}.Release|x64.ActiveCfg = Release|Any CPU
		{9E177F6E-025A-4AA3-94EE-367D3B79C150}.Release|x64.Build.0 = Release|Any CPU
		{05EE8DA6-9F2D-4AD5-98D1-799ED470043F}.Debug|Any CPU.ActiveCfg = Debug|Any CPU
		{05EE8DA6-9F2D-4AD5-98D1-799ED470043F}.Debug|Any CPU.Build.0 = Debug|Any CPU
		{05EE8DA6-9F2D-4AD5-98D1-799ED470043F}.Debug|x64.ActiveCfg = Debug|Any CPU
		{05EE8DA6-9F2D-4AD5-98D1-799ED470043F}.Debug|x64.Build.0 = Debug|Any CPU
		{05EE8DA6-9F2D-4AD5-98D1-799ED470043F}.Release|Any CPU.ActiveCfg = Release|Any CPU
		{05EE8DA6-9F2D-4AD5-98D1-799ED470043F}.Release|Any CPU.Build.0 = Release|Any CPU
		{05EE8DA6-9F2D-4AD5-98D1-799ED470043F}.Release|x64.ActiveCfg = Release|Any CPU
		{05EE8DA6-9F2D-4AD5-98D1-799ED470043F}.Release|x64.Build.0 = Release|Any CPU
		{F6DD16BF-F211-4D9C-B692-5C599CC03CD6}.Debug|Any CPU.ActiveCfg = Debug|Any CPU
		{F6DD16BF-F211-4D9C-B692-5C599CC03CD6}.Debug|Any CPU.Build.0 = Debug|Any CPU
		{F6DD16BF-F211-4D9C-B692-5C599CC03CD6}.Debug|x64.ActiveCfg = Debug|Any CPU
		{F6DD16BF-F211-4D9C-B692-5C599CC03CD6}.Debug|x64.Build.0 = Debug|Any CPU
		{F6DD16BF-F211-4D9C-B692-5C599CC03CD6}.Release|Any CPU.ActiveCfg = Release|Any CPU
		{F6DD16BF-F211-4D9C-B692-5C599CC03CD6}.Release|Any CPU.Build.0 = Release|Any CPU
		{F6DD16BF-F211-4D9C-B692-5C599CC03CD6}.Release|x64.ActiveCfg = Release|Any CPU
		{F6DD16BF-F211-4D9C-B692-5C599CC03CD6}.Release|x64.Build.0 = Release|Any CPU
		{90515C22-00E9-4831-89CB-0039A04C140D}.Debug|Any CPU.ActiveCfg = Debug|Any CPU
		{90515C22-00E9-4831-89CB-0039A04C140D}.Debug|Any CPU.Build.0 = Debug|Any CPU
		{90515C22-00E9-4831-89CB-0039A04C140D}.Debug|x64.ActiveCfg = Debug|Any CPU
		{90515C22-00E9-4831-89CB-0039A04C140D}.Debug|x64.Build.0 = Debug|Any CPU
		{90515C22-00E9-4831-89CB-0039A04C140D}.Release|Any CPU.ActiveCfg = Release|Any CPU
		{90515C22-00E9-4831-89CB-0039A04C140D}.Release|Any CPU.Build.0 = Release|Any CPU
		{90515C22-00E9-4831-89CB-0039A04C140D}.Release|x64.ActiveCfg = Release|Any CPU
		{90515C22-00E9-4831-89CB-0039A04C140D}.Release|x64.Build.0 = Release|Any CPU
		{CD66020C-2AE0-4623-A946-9BEDE472C9BF}.Debug|Any CPU.ActiveCfg = Debug|Any CPU
		{CD66020C-2AE0-4623-A946-9BEDE472C9BF}.Debug|Any CPU.Build.0 = Debug|Any CPU
		{CD66020C-2AE0-4623-A946-9BEDE472C9BF}.Debug|x64.ActiveCfg = Debug|Any CPU
		{CD66020C-2AE0-4623-A946-9BEDE472C9BF}.Debug|x64.Build.0 = Debug|Any CPU
		{CD66020C-2AE0-4623-A946-9BEDE472C9BF}.Release|Any CPU.ActiveCfg = Release|Any CPU
		{CD66020C-2AE0-4623-A946-9BEDE472C9BF}.Release|Any CPU.Build.0 = Release|Any CPU
		{CD66020C-2AE0-4623-A946-9BEDE472C9BF}.Release|x64.ActiveCfg = Release|Any CPU
		{CD66020C-2AE0-4623-A946-9BEDE472C9BF}.Release|x64.Build.0 = Release|Any CPU
		{F7D117D1-4B15-41A9-9B51-49EEC6CBA098}.Debug|Any CPU.ActiveCfg = Debug|Any CPU
		{F7D117D1-4B15-41A9-9B51-49EEC6CBA098}.Debug|Any CPU.Build.0 = Debug|Any CPU
		{F7D117D1-4B15-41A9-9B51-49EEC6CBA098}.Debug|x64.ActiveCfg = Debug|Any CPU
		{F7D117D1-4B15-41A9-9B51-49EEC6CBA098}.Debug|x64.Build.0 = Debug|Any CPU
		{F7D117D1-4B15-41A9-9B51-49EEC6CBA098}.Release|Any CPU.ActiveCfg = Release|Any CPU
		{F7D117D1-4B15-41A9-9B51-49EEC6CBA098}.Release|Any CPU.Build.0 = Release|Any CPU
		{F7D117D1-4B15-41A9-9B51-49EEC6CBA098}.Release|x64.ActiveCfg = Release|Any CPU
		{F7D117D1-4B15-41A9-9B51-49EEC6CBA098}.Release|x64.Build.0 = Release|Any CPU
		{D9CC433C-4C01-4C79-805D-84F7EBBE2CEA}.Debug|Any CPU.ActiveCfg = Debug|Any CPU
		{D9CC433C-4C01-4C79-805D-84F7EBBE2CEA}.Debug|Any CPU.Build.0 = Debug|Any CPU
		{D9CC433C-4C01-4C79-805D-84F7EBBE2CEA}.Debug|x64.ActiveCfg = Debug|Any CPU
		{D9CC433C-4C01-4C79-805D-84F7EBBE2CEA}.Debug|x64.Build.0 = Debug|Any CPU
		{D9CC433C-4C01-4C79-805D-84F7EBBE2CEA}.Release|Any CPU.ActiveCfg = Release|Any CPU
		{D9CC433C-4C01-4C79-805D-84F7EBBE2CEA}.Release|Any CPU.Build.0 = Release|Any CPU
		{D9CC433C-4C01-4C79-805D-84F7EBBE2CEA}.Release|x64.ActiveCfg = Release|Any CPU
		{D9CC433C-4C01-4C79-805D-84F7EBBE2CEA}.Release|x64.Build.0 = Release|Any CPU
	EndGlobalSection
	GlobalSection(SolutionProperties) = preSolution
		HideSolutionNode = FALSE
	EndGlobalSection
	GlobalSection(NestedProjects) = preSolution
		{25E3B756-1830-4710-839E-31C0ABCBD960} = {C40D986B-B20C-411E-A9B4-99A11A6B9C58}
		{8EDF4429-251A-416D-BB68-93F227191BCF} = {C40D986B-B20C-411E-A9B4-99A11A6B9C58}
		{EAEFF135-E156-4065-83E0-5B34706CDECC} = {C40D986B-B20C-411E-A9B4-99A11A6B9C58}
		{CA529651-2F06-451E-B127-AFA85FA8DBCE} = {C40D986B-B20C-411E-A9B4-99A11A6B9C58}
		{9E177F6E-025A-4AA3-94EE-367D3B79C150} = {C40D986B-B20C-411E-A9B4-99A11A6B9C58}
		{F6DD16BF-F211-4D9C-B692-5C599CC03CD6} = {C40D986B-B20C-411E-A9B4-99A11A6B9C58}
		{90515C22-00E9-4831-89CB-0039A04C140D} = {C40D986B-B20C-411E-A9B4-99A11A6B9C58}
		{CD66020C-2AE0-4623-A946-9BEDE472C9BF} = {980507E9-E801-4DB0-AA2F-11FCF20EE7C8}
		{F7D117D1-4B15-41A9-9B51-49EEC6CBA098} = {980507E9-E801-4DB0-AA2F-11FCF20EE7C8}
		{D9CC433C-4C01-4C79-805D-84F7EBBE2CEA} = {980507E9-E801-4DB0-AA2F-11FCF20EE7C8}
	EndGlobalSection
	GlobalSection(ExtensibilityGlobals) = postSolution
		SolutionGuid = {ADABB925-220A-490B-9358-6EA668917CCA}
	EndGlobalSection
EndGlobal
